
Microsoft Visual Studio Solution File, Format Version 12.00
# Visual Studio Version 16
VisualStudioVersion = 16.0.30517.126
MinimumVisualStudioVersion = 10.0.40219.1
Project("{FAE04EC0-301F-11D3-BF4B-00C04F79EFBC}") = "OOPPart1", "OOPPart1\OOPPart1.csproj", "{A8142B01-B94D-4295-B2F5-EB910B9F12C1}"
EndProject
Project("{FAE04EC0-301F-11D3-BF4B-00C04F79EFBC}") = "OOPCat", "OOPCat\OOPCat.csproj", "{BC1A76F1-416C-4D8D-8DAA-97FE026C1BB5}"
EndProject
Global
	GlobalSection(SolutionConfigurationPlatforms) = preSolution
		Debug|Any CPU = Debug|Any CPU
		Release|Any CPU = Release|Any CPU
	EndGlobalSection
	GlobalSection(ProjectConfigurationPlatforms) = postSolution
		{A8142B01-B94D-4295-B2F5-EB910B9F12C1}.Debug|Any CPU.ActiveCfg = Debug|Any CPU
		{A8142B01-B94D-4295-B2F5-EB910B9F12C1}.Debug|Any CPU.Build.0 = Debug|Any CPU
		{A8142B01-B94D-4295-B2F5-EB910B9F12C1}.Release|Any CPU.ActiveCfg = Release|Any CPU
		{A8142B01-B94D-4295-B2F5-EB910B9F12C1}.Release|Any CPU.Build.0 = Release|Any CPU
		{BC1A76F1-416C-4D8D-8DAA-97FE026C1BB5}.Debug|Any CPU.ActiveCfg = Debug|Any CPU
		{BC1A76F1-416C-4D8D-8DAA-97FE026C1BB5}.Debug|Any CPU.Build.0 = Debug|Any CPU
		{BC1A76F1-416C-4D8D-8DAA-97FE026C1BB5}.Release|Any CPU.ActiveCfg = Release|Any CPU
		{BC1A76F1-416C-4D8D-8DAA-97FE026C1BB5}.Release|Any CPU.Build.0 = Release|Any CPU
	EndGlobalSection
	GlobalSection(SolutionProperties) = preSolution
		HideSolutionNode = FALSE
	EndGlobalSection
	GlobalSection(ExtensibilityGlobals) = postSolution
		SolutionGuid = {E738D743-CD50-47D1-813D-C86B2A6847B0}
	EndGlobalSection
EndGlobal
